// !$*UTF8*$!
{
	archiveVersion = 1;
	classes = {
	};
	objectVersion = 56;
	objects = {

/* Begin PBXBuildFile section */
		DBDE823C2A3222A7007CC540 /* testApp.swift in Sources */ = {isa = PBXBuildFile; fileRef = DBDE823B2A3222A7007CC540 /* testApp.swift */; };
		DBDE823E2A3222A7007CC540 /* ContentView.swift in Sources */ = {isa = PBXBuildFile; fileRef = DBDE823D2A3222A7007CC540 /* ContentView.swift */; };
		DBDE82402A3222A8007CC540 /* Assets.xcassets in Resources */ = {isa = PBXBuildFile; fileRef = DBDE823F2A3222A8007CC540 /* Assets.xcassets */; };
		DBDE82432A3222A8007CC540 /* Preview Assets.xcassets in Resources */ = {isa = PBXBuildFile; fileRef = DBDE82422A3222A8007CC540 /* Preview Assets.xcassets */; };
		DBDE824D2A3222A8007CC540 /* testTests.swift in Sources */ = {isa = PBXBuildFile; fileRef = DBDE824C2A3222A8007CC540 /* testTests.swift */; };
		DBDE82572A3222A8007CC540 /* testUITests.swift in Sources */ = {isa = PBXBuildFile; fileRef = DBDE82562A3222A8007CC540 /* testUITests.swift */; };
		DBDE82592A3222A8007CC540 /* testUITestsLaunchTests.swift in Sources */ = {isa = PBXBuildFile; fileRef = DBDE82582A3222A8007CC540 /* testUITestsLaunchTests.swift */; };
		DBDE82662A322307007CC540 /* ContentView.xib in Resources */ = {isa = PBXBuildFile; fileRef = DBDE82652A322307007CC540 /* ContentView.xib */; };
		DBDE826A2A3225B9007CC540 /* LabelView.swift in Sources */ = {isa = PBXBuildFile; fileRef = DBDE82692A3225B9007CC540 /* LabelView.swift */; };
		DBDE826C2A3225C5007CC540 /* LabelView.xib in Resources */ = {isa = PBXBuildFile; fileRef = DBDE826B2A3225C5007CC540 /* LabelView.xib */; };
/* End PBXBuildFile section */

/* Begin PBXContainerItemProxy section */
		DBDE82492A3222A8007CC540 /* PBXContainerItemProxy */ = {
			isa = PBXContainerItemProxy;
			containerPortal = DBDE82302A3222A7007CC540 /* Project object */;
			proxyType = 1;
			remoteGlobalIDString = DBDE82372A3222A7007CC540;
			remoteInfo = test;
		};
		DBDE82532A3222A8007CC540 /* PBXContainerItemProxy */ = {
			isa = PBXContainerItemProxy;
			containerPortal = DBDE82302A3222A7007CC540 /* Project object */;
			proxyType = 1;
			remoteGlobalIDString = DBDE82372A3222A7007CC540;
			remoteInfo = test;
		};
/* End PBXContainerItemProxy section */

/* Begin PBXFileReference section */
		DBDE82382A3222A7007CC540 /* test.app */ = {isa = PBXFileReference; explicitFileType = wrapper.application; includeInIndex = 0; path = test.app; sourceTree = BUILT_PRODUCTS_DIR; };
		DBDE823B2A3222A7007CC540 /* testApp.swift */ = {isa = PBXFileReference; lastKnownFileType = sourcecode.swift; path = testApp.swift; sourceTree = "<group>"; };
		DBDE823D2A3222A7007CC540 /* ContentView.swift */ = {isa = PBXFileReference; lastKnownFileType = sourcecode.swift; path = ContentView.swift; sourceTree = "<group>"; };
		DBDE823F2A3222A8007CC540 /* Assets.xcassets */ = {isa = PBXFileReference; lastKnownFileType = folder.assetcatalog; path = Assets.xcassets; sourceTree = "<group>"; };
		DBDE82422A3222A8007CC540 /* Preview Assets.xcassets */ = {isa = PBXFileReference; lastKnownFileType = folder.assetcatalog; path = "Preview Assets.xcassets"; sourceTree = "<group>"; };
		DBDE82482A3222A8007CC540 /* testTests.xctest */ = {isa = PBXFileReference; explicitFileType = wrapper.cfbundle; includeInIndex = 0; path = testTests.xctest; sourceTree = BUILT_PRODUCTS_DIR; };
		DBDE824C2A3222A8007CC540 /* testTests.swift */ = {isa = PBXFileReference; lastKnownFileType = sourcecode.swift; path = testTests.swift; sourceTree = "<group>"; };
		DBDE82522A3222A8007CC540 /* testUITests.xctest */ = {isa = PBXFileReference; explicitFileType = wrapper.cfbundle; includeInIndex = 0; path = testUITests.xctest; sourceTree = BUILT_PRODUCTS_DIR; };
		DBDE82562A3222A8007CC540 /* testUITests.swift */ = {isa = PBXFileReference; lastKnownFileType = sourcecode.swift; path = testUITests.swift; sourceTree = "<group>"; };
		DBDE82582A3222A8007CC540 /* testUITestsLaunchTests.swift */ = {isa = PBXFileReference; lastKnownFileType = sourcecode.swift; path = testUITestsLaunchTests.swift; sourceTree = "<group>"; };
		DBDE82652A322307007CC540 /* ContentView.xib */ = {isa = PBXFileReference; lastKnownFileType = file.xib; path = ContentView.xib; sourceTree = "<group>"; };
		DBDE82692A3225B9007CC540 /* LabelView.swift */ = {isa = PBXFileReference; lastKnownFileType = sourcecode.swift; path = LabelView.swift; sourceTree = "<group>"; };
		DBDE826B2A3225C5007CC540 /* LabelView.xib */ = {isa = PBXFileReference; lastKnownFileType = file.xib; path = LabelView.xib; sourceTree = "<group>"; };
/* End PBXFileReference section */

/* Begin PBXFrameworksBuildPhase section */
		DBDE82352A3222A7007CC540 /* Frameworks */ = {
			isa = PBXFrameworksBuildPhase;
			buildActionMask = 2147483647;
			files = (
			);
			runOnlyForDeploymentPostprocessing = 0;
		};
		DBDE82452A3222A8007CC540 /* Frameworks */ = {
			isa = PBXFrameworksBuildPhase;
			buildActionMask = 2147483647;
			files = (
			);
			runOnlyForDeploymentPostprocessing = 0;
		};
		DBDE824F2A3222A8007CC540 /* Frameworks */ = {
			isa = PBXFrameworksBuildPhase;
			buildActionMask = 2147483647;
			files = (
			);
			runOnlyForDeploymentPostprocessing = 0;
		};
/* End PBXFrameworksBuildPhase section */

/* Begin PBXGroup section */
		DBDE822F2A3222A7007CC540 = {
			isa = PBXGroup;
			children = (
				DBDE823A2A3222A7007CC540 /* test */,
				DBDE824B2A3222A8007CC540 /* testTests */,
				DBDE82552A3222A8007CC540 /* testUITests */,
				DBDE82392A3222A7007CC540 /* Products */,
			);
			sourceTree = "<group>";
		};
		DBDE82392A3222A7007CC540 /* Products */ = {
			isa = PBXGroup;
			children = (
				DBDE82382A3222A7007CC540 /* test.app */,
				DBDE82482A3222A8007CC540 /* testTests.xctest */,
				DBDE82522A3222A8007CC540 /* testUITests.xctest */,
			);
			name = Products;
			sourceTree = "<group>";
		};
		DBDE823A2A3222A7007CC540 /* test */ = {
			isa = PBXGroup;
			children = (
				DBDE823B2A3222A7007CC540 /* testApp.swift */,
				DBDE823D2A3222A7007CC540 /* ContentView.swift */,
				DBDE82652A322307007CC540 /* ContentView.xib */,
				DBDE823F2A3222A8007CC540 /* Assets.xcassets */,
				DBDE82412A3222A8007CC540 /* Preview Content */,
				DBDE82692A3225B9007CC540 /* LabelView.swift */,
				DBDE826B2A3225C5007CC540 /* LabelView.xib */,
			);
			path = test;
			sourceTree = "<group>";
		};
		DBDE82412A3222A8007CC540 /* Preview Content */ = {
			isa = PBXGroup;
			children = (
				DBDE82422A3222A8007CC540 /* Preview Assets.xcassets */,
			);
			path = "Preview Content";
			sourceTree = "<group>";
		};
		DBDE824B2A3222A8007CC540 /* testTests */ = {
			isa = PBXGroup;
			children = (
				DBDE824C2A3222A8007CC540 /* testTests.swift */,
			);
			path = testTests;
			sourceTree = "<group>";
		};
		DBDE82552A3222A8007CC540 /* testUITests */ = {
			isa = PBXGroup;
			children = (
				DBDE82562A3222A8007CC540 /* testUITests.swift */,
				DBDE82582A3222A8007CC540 /* testUITestsLaunchTests.swift */,
			);
			path = testUITests;
			sourceTree = "<group>";
		};
/* End PBXGroup section */

/* Begin PBXNativeTarget section */
		DBDE82372A3222A7007CC540 /* test */ = {
			isa = PBXNativeTarget;
			buildConfigurationList = DBDE825C2A3222A8007CC540 /* Build configuration list for PBXNativeTarget "test" */;
			buildPhases = (
				DBDE82342A3222A7007CC540 /* Sources */,
				DBDE82352A3222A7007CC540 /* Frameworks */,
				DBDE82362A3222A7007CC540 /* Resources */,
			);
			buildRules = (
			);
			dependencies = (
			);
			name = test;
			productName = test;
			productReference = DBDE82382A3222A7007CC540 /* test.app */;
			productType = "com.apple.product-type.application";
		};
		DBDE82472A3222A8007CC540 /* testTests */ = {
			isa = PBXNativeTarget;
			buildConfigurationList = DBDE825F2A3222A8007CC540 /* Build configuration list for PBXNativeTarget "testTests" */;
			buildPhases = (
				DBDE82442A3222A8007CC540 /* Sources */,
				DBDE82452A3222A8007CC540 /* Frameworks */,
				DBDE82462A3222A8007CC540 /* Resources */,
			);
			buildRules = (
			);
			dependencies = (
				DBDE824A2A3222A8007CC540 /* PBXTargetDependency */,
			);
			name = testTests;
			productName = testTests;
			productReference = DBDE82482A3222A8007CC540 /* testTests.xctest */;
			productType = "com.apple.product-type.bundle.unit-test";
		};
		DBDE82512A3222A8007CC540 /* testUITests */ = {
			isa = PBXNativeTarget;
			buildConfigurationList = DBDE82622A3222A8007CC540 /* Build configuration list for PBXNativeTarget "testUITests" */;
			buildPhases = (
				DBDE824E2A3222A8007CC540 /* Sources */,
				DBDE824F2A3222A8007CC540 /* Frameworks */,
				DBDE82502A3222A8007CC540 /* Resources */,
			);
			buildRules = (
			);
			dependencies = (
				DBDE82542A3222A8007CC540 /* PBXTargetDependency */,
			);
			name = testUITests;
			productName = testUITests;
			productReference = DBDE82522A3222A8007CC540 /* testUITests.xctest */;
			productType = "com.apple.product-type.bundle.ui-testing";
		};
/* End PBXNativeTarget section */

/* Begin PBXProject section */
		DBDE82302A3222A7007CC540 /* Project object */ = {
			isa = PBXProject;
			attributes = {
				BuildIndependentTargetsInParallel = 1;
				LastSwiftUpdateCheck = 1420;
				LastUpgradeCheck = 1420;
				TargetAttributes = {
					DBDE82372A3222A7007CC540 = {
						CreatedOnToolsVersion = 14.2;
					};
					DBDE82472A3222A8007CC540 = {
						CreatedOnToolsVersion = 14.2;
						TestTargetID = DBDE82372A3222A7007CC540;
					};
					DBDE82512A3222A8007CC540 = {
						CreatedOnToolsVersion = 14.2;
						TestTargetID = DBDE82372A3222A7007CC540;
					};
				};
			};
			buildConfigurationList = DBDE82332A3222A7007CC540 /* Build configuration list for PBXProject "test" */;
			compatibilityVersion = "Xcode 14.0";
			developmentRegion = en;
			hasScannedForEncodings = 0;
			knownRegions = (
				en,
				Base,
			);
			mainGroup = DBDE822F2A3222A7007CC540;
			productRefGroup = DBDE82392A3222A7007CC540 /* Products */;
			projectDirPath = "";
			projectRoot = "";
			targets = (
				DBDE82372A3222A7007CC540 /* test */,
				DBDE82472A3222A8007CC540 /* testTests */,
				DBDE82512A3222A8007CC540 /* testUITests */,
			);
		};
/* End PBXProject section */

/* Begin PBXResourcesBuildPhase section */
		DBDE82362A3222A7007CC540 /* Resources */ = {
			isa = PBXResourcesBuildPhase;
			buildActionMask = 2147483647;
			files = (
				DBDE82432A3222A8007CC540 /* Preview Assets.xcassets in Resources */,
				DBDE826C2A3225C5007CC540 /* LabelView.xib in Resources */,
				DBDE82662A322307007CC540 /* ContentView.xib in Resources */,
				DBDE82402A3222A8007CC540 /* Assets.xcassets in Resources */,
			);
			runOnlyForDeploymentPostprocessing = 0;
		};
		DBDE82462A3222A8007CC540 /* Resources */ = {
			isa = PBXResourcesBuildPhase;
			buildActionMask = 2147483647;
			files = (
			);
			runOnlyForDeploymentPostprocessing = 0;
		};
		DBDE82502A3222A8007CC540 /* Resources */ = {
			isa = PBXResourcesBuildPhase;
			buildActionMask = 2147483647;
			files = (
			);
			runOnlyForDeploymentPostprocessing = 0;
		};
/* End PBXResourcesBuildPhase section */

/* Begin PBXSourcesBuildPhase section */
		DBDE82342A3222A7007CC540 /* Sources */ = {
			isa = PBXSourcesBuildPhase;
			buildActionMask = 2147483647;
			files = (
				DBDE823E2A3222A7007CC540 /* ContentView.swift in Sources */,
				DBDE823C2A3222A7007CC540 /* testApp.swift in Sources */,
				DBDE826A2A3225B9007CC540 /* LabelView.swift in Sources */,
			);
			runOnlyForDeploymentPostprocessing = 0;
		};
		DBDE82442A3222A8007CC540 /* Sources */ = {
			isa = PBXSourcesBuildPhase;
			buildActionMask = 2147483647;
			files = (
				DBDE824D2A3222A8007CC540 /* testTests.swift in Sources */,
			);
			runOnlyForDeploymentPostprocessing = 0;
		};
		DBDE824E2A3222A8007CC540 /* Sources */ = {
			isa = PBXSourcesBuildPhase;
			buildActionMask = 2147483647;
			files = (
				DBDE82592A3222A8007CC540 /* testUITestsLaunchTests.swift in Sources */,
				DBDE82572A3222A8007CC540 /* testUITests.swift in Sources */,
			);
			runOnlyForDeploymentPostprocessing = 0;
		};
/* End PBXSourcesBuildPhase section */

/* Begin PBXTargetDependency section */
		DBDE824A2A3222A8007CC540 /* PBXTargetDependency */ = {
			isa = PBXTargetDependency;
			target = DBDE82372A3222A7007CC540 /* test */;
			targetProxy = DBDE82492A3222A8007CC540 /* PBXContainerItemProxy */;
		};
		DBDE82542A3222A8007CC540 /* PBXTargetDependency */ = {
			isa = PBXTargetDependency;
			target = DBDE82372A3222A7007CC540 /* test */;
			targetProxy = DBDE82532A3222A8007CC540 /* PBXContainerItemProxy */;
		};
/* End PBXTargetDependency section */

/* Begin XCBuildConfiguration section */
		DBDE825A2A3222A8007CC540 /* Debug */ = {
			isa = XCBuildConfiguration;
			buildSettings = {
				ALWAYS_SEARCH_USER_PATHS = NO;
				CLANG_ANALYZER_NONNULL = YES;
				CLANG_ANALYZER_NUMBER_OBJECT_CONVERSION = YES_AGGRESSIVE;
				CLANG_CXX_LANGUAGE_STANDARD = "gnu++20";
				CLANG_ENABLE_MODULES = YES;
				CLANG_ENABLE_OBJC_ARC = YES;
				CLANG_ENABLE_OBJC_WEAK = YES;
				CLANG_WARN_BLOCK_CAPTURE_AUTORELEASING = YES;
				CLANG_WARN_BOOL_CONVERSION = YES;
				CLANG_WARN_COMMA = YES;
				CLANG_WARN_CONSTANT_CONVERSION = YES;
				CLANG_WARN_DEPRECATED_OBJC_IMPLEMENTATIONS = YES;
				CLANG_WARN_DIRECT_OBJC_ISA_USAGE = YES_ERROR;
				CLANG_WARN_DOCUMENTATION_COMMENTS = YES;
				CLANG_WARN_EMPTY_BODY = YES;
				CLANG_WARN_ENUM_CONVERSION = YES;
				CLANG_WARN_INFINITE_RECURSION = YES;
				CLANG_WARN_INT_CONVERSION = YES;
				CLANG_WARN_NON_LITERAL_NULL_CONVERSION = YES;
				CLANG_WARN_OBJC_IMPLICIT_RETAIN_SELF = YES;
				CLANG_WARN_OBJC_LITERAL_CONVERSION = YES;
				CLANG_WARN_OBJC_ROOT_CLASS = YES_ERROR;
				CLANG_WARN_QUOTED_INCLUDE_IN_FRAMEWORK_HEADER = YES;
				CLANG_WARN_RANGE_LOOP_ANALYSIS = YES;
				CLANG_WARN_STRICT_PROTOTYPES = YES;
				CLANG_WARN_SUSPICIOUS_MOVE = YES;
				CLANG_WARN_UNGUARDED_AVAILABILITY = YES_AGGRESSIVE;
				CLANG_WARN_UNREACHABLE_CODE = YES;
				CLANG_WARN__DUPLICATE_METHOD_MATCH = YES;
				COPY_PHASE_STRIP = NO;
				DEBUG_INFORMATION_FORMAT = dwarf;
				ENABLE_STRICT_OBJC_MSGSEND = YES;
				ENABLE_TESTABILITY = YES;
				GCC_C_LANGUAGE_STANDARD = gnu11;
				GCC_DYNAMIC_NO_PIC = NO;
				GCC_NO_COMMON_BLOCKS = YES;
				GCC_OPTIMIZATION_LEVEL = 0;
				GCC_PREPROCESSOR_DEFINITIONS = (
					"DEBUG=1",
					"$(inherited)",
				);
				GCC_WARN_64_TO_32_BIT_CONVERSION = YES;
				GCC_WARN_ABOUT_RETURN_TYPE = YES_ERROR;
				GCC_WARN_UNDECLARED_SELECTOR = YES;
				GCC_WARN_UNINITIALIZED_AUTOS = YES_AGGRESSIVE;
				GCC_WARN_UNUSED_FUNCTION = YES;
				GCC_WARN_UNUSED_VARIABLE = YES;
				IPHONEOS_DEPLOYMENT_TARGET = 16.2;
				MTL_ENABLE_DEBUG_INFO = INCLUDE_SOURCE;
				MTL_FAST_MATH = YES;
				ONLY_ACTIVE_ARCH = YES;
				SDKROOT = iphoneos;
				SWIFT_ACTIVE_COMPILATION_CONDITIONS = DEBUG;
				SWIFT_OPTIMIZATION_LEVEL = "-Onone";
			};
			name = Debug;
		};
		DBDE825B2A3222A8007CC540 /* Release */ = {
			isa = XCBuildConfiguration;
			buildSettings = {
				ALWAYS_SEARCH_USER_PATHS = NO;
				CLANG_ANALYZER_NONNULL = YES;
				CLANG_ANALYZER_NUMBER_OBJECT_CONVERSION = YES_AGGRESSIVE;
				CLANG_CXX_LANGUAGE_STANDARD = "gnu++20";
				CLANG_ENABLE_MODULES = YES;
				CLANG_ENABLE_OBJC_ARC = YES;
				CLANG_ENABLE_OBJC_WEAK = YES;
				CLANG_WARN_BLOCK_CAPTURE_AUTORELEASING = YES;
				CLANG_WARN_BOOL_CONVERSION = YES;
				CLANG_WARN_COMMA = YES;
				CLANG_WARN_CONSTANT_CONVERSION = YES;
				CLANG_WARN_DEPRECATED_OBJC_IMPLEMENTATIONS = YES;
				CLANG_WARN_DIRECT_OBJC_ISA_USAGE = YES_ERROR;
				CLANG_WARN_DOCUMENTATION_COMMENTS = YES;
				CLANG_WARN_EMPTY_BODY = YES;
				CLANG_WARN_ENUM_CONVERSION = YES;
				CLANG_WARN_INFINITE_RECURSION = YES;
				CLANG_WARN_INT_CONVERSION = YES;
				CLANG_WARN_NON_LITERAL_NULL_CONVERSION = YES;
				CLANG_WARN_OBJC_IMPLICIT_RETAIN_SELF = YES;
				CLANG_WARN_OBJC_LITERAL_CONVERSION = YES;
				CLANG_WARN_OBJC_ROOT_CLASS = YES_ERROR;
				CLANG_WARN_QUOTED_INCLUDE_IN_FRAMEWORK_HEADER = YES;
				CLANG_WARN_RANGE_LOOP_ANALYSIS = YES;
				CLANG_WARN_STRICT_PROTOTYPES = YES;
				CLANG_WARN_SUSPICIOUS_MOVE = YES;
				CLANG_WARN_UNGUARDED_AVAILABILITY = YES_AGGRESSIVE;
				CLANG_WARN_UNREACHABLE_CODE = YES;
				CLANG_WARN__DUPLICATE_METHOD_MATCH = YES;
				COPY_PHASE_STRIP = NO;
				DEBUG_INFORMATION_FORMAT = "dwarf-with-dsym";
				ENABLE_NS_ASSERTIONS = NO;
				ENABLE_STRICT_OBJC_MSGSEND = YES;
				GCC_C_LANGUAGE_STANDARD = gnu11;
				GCC_NO_COMMON_BLOCKS = YES;
				GCC_WARN_64_TO_32_BIT_CONVERSION = YES;
				GCC_WARN_ABOUT_RETURN_TYPE = YES_ERROR;
				GCC_WARN_UNDECLARED_SELECTOR = YES;
				GCC_WARN_UNINITIALIZED_AUTOS = YES_AGGRESSIVE;
				GCC_WARN_UNUSED_FUNCTION = YES;
				GCC_WARN_UNUSED_VARIABLE = YES;
				IPHONEOS_DEPLOYMENT_TARGET = 16.2;
				MTL_ENABLE_DEBUG_INFO = NO;
				MTL_FAST_MATH = YES;
				SDKROOT = iphoneos;
				SWIFT_COMPILATION_MODE = wholemodule;
				SWIFT_OPTIMIZATION_LEVEL = "-O";
				VALIDATE_PRODUCT = YES;
			};
			name = Release;
		};
		DBDE825D2A3222A8007CC540 /* Debug */ = {
			isa = XCBuildConfiguration;
			buildSettings = {
				ASSETCATALOG_COMPILER_APPICON_NAME = AppIcon;
				ASSETCATALOG_COMPILER_GLOBAL_ACCENT_COLOR_NAME = AccentColor;
				CODE_SIGN_STYLE = Automatic;
				CURRENT_PROJECT_VERSION = 1;
				DEVELOPMENT_ASSET_PATHS = "\"test/Preview Content\"";
				ENABLE_PREVIEWS = YES;
				GENERATE_INFOPLIST_FILE = YES;
				INFOPLIST_KEY_UIApplicationSceneManifest_Generation = YES;
				INFOPLIST_KEY_UIApplicationSupportsIndirectInputEvents = YES;
				INFOPLIST_KEY_UILaunchScreen_Generation = YES;
				INFOPLIST_KEY_UISupportedInterfaceOrientations_iPad = "UIInterfaceOrientationPortrait UIInterfaceOrientationPortraitUpsideDown UIInterfaceOrientationLandscapeLeft UIInterfaceOrientationLandscapeRight";
				INFOPLIST_KEY_UISupportedInterfaceOrientations_iPhone = "UIInterfaceOrientationPortrait UIInterfaceOrientationLandscapeLeft UIInterfaceOrientationLandscapeRight";
				LD_RUNPATH_SEARCH_PATHS = (
					"$(inherited)",
					"@executable_path/Frameworks",
				);
				MARKETING_VERSION = 1.0;
				PRODUCT_BUNDLE_IDENTIFIER = none.test;
				PRODUCT_NAME = "$(TARGET_NAME)";
				SWIFT_EMIT_LOC_STRINGS = YES;
				SWIFT_VERSION = 5.0;
				TARGETED_DEVICE_FAMILY = "1,2";
			};
			name = Debug;
		};
		DBDE825E2A3222A8007CC540 /* Release */ = {
			isa = XCBuildConfiguration;
			buildSettings = {
				ASSETCATALOG_COMPILER_APPICON_NAME = AppIcon;
				ASSETCATALOG_COMPILER_GLOBAL_ACCENT_COLOR_NAME = AccentColor;
				CODE_SIGN_STYLE = Automatic;
				CURRENT_PROJECT_VERSION = 1;
				DEVELOPMENT_ASSET_PATHS = "\"test/Preview Content\"";
				ENABLE_PREVIEWS = YES;
				GENERATE_INFOPLIST_FILE = YES;
				INFOPLIST_KEY_UIApplicationSceneManifest_Generation = YES;
				INFOPLIST_KEY_UIApplicationSupportsIndirectInputEvents = YES;
				INFOPLIST_KEY_UILaunchScreen_Generation = YES;
				INFOPLIST_KEY_UISupportedInterfaceOrientations_iPad = "UIInterfaceOrientationPortrait UIInterfaceOrientationPortraitUpsideDown UIInterfaceOrientationLandscapeLeft UIInterfaceOrientationLandscapeRight";
				INFOPLIST_KEY_UISupportedInterfaceOrientations_iPhone = "UIInterfaceOrientationPortrait UIInterfaceOrientationLandscapeLeft UIInterfaceOrientationLandscapeRight";
				LD_RUNPATH_SEARCH_PATHS = (
					"$(inherited)",
					"@executable_path/Frameworks",
				);
				MARKETING_VERSION = 1.0;
				PRODUCT_BUNDLE_IDENTIFIER = none.test;
				PRODUCT_NAME = "$(TARGET_NAME)";
				SWIFT_EMIT_LOC_STRINGS = YES;
				SWIFT_VERSION = 5.0;
				TARGETED_DEVICE_FAMILY = "1,2";
			};
			name = Release;
		};
		DBDE82602A3222A8007CC540 /* Debug */ = {
			isa = XCBuildConfiguration;
			buildSettings = {
				ALWAYS_EMBED_SWIFT_STANDARD_LIBRARIES = YES;
				BUNDLE_LOADER = "$(TEST_HOST)";
				CODE_SIGN_STYLE = Automatic;
				CURRENT_PROJECT_VERSION = 1;
				GENERATE_INFOPLIST_FILE = YES;
				IPHONEOS_DEPLOYMENT_TARGET = 16.2;
				MARKETING_VERSION = 1.0;
				PRODUCT_BUNDLE_IDENTIFIER = none.testTests;
				PRODUCT_NAME = "$(TARGET_NAME)";
				SWIFT_EMIT_LOC_STRINGS = NO;
				SWIFT_VERSION = 5.0;
				TARGETED_DEVICE_FAMILY = "1,2";
				TEST_HOST = "$(BUILT_PRODUCTS_DIR)/test.app/$(BUNDLE_EXECUTABLE_FOLDER_PATH)/test";
			};
			name = Debug;
		};
		DBDE82612A3222A8007CC540 /* Release */ = {
			isa = XCBuildConfiguration;
			buildSettings = {
				ALWAYS_EMBED_SWIFT_STANDARD_LIBRARIES = YES;
				BUNDLE_LOADER = "$(TEST_HOST)";
				CODE_SIGN_STYLE = Automatic;
				CURRENT_PROJECT_VERSION = 1;
				GENERATE_INFOPLIST_FILE = YES;
				IPHONEOS_DEPLOYMENT_TARGET = 16.2;
				MARKETING_VERSION = 1.0;
				PRODUCT_BUNDLE_IDENTIFIER = none.testTests;
				PRODUCT_NAME = "$(TARGET_NAME)";
				SWIFT_EMIT_LOC_STRINGS = NO;
				SWIFT_VERSION = 5.0;
				TARGETED_DEVICE_FAMILY = "1,2";
				TEST_HOST = "$(BUILT_PRODUCTS_DIR)/test.app/$(BUNDLE_EXECUTABLE_FOLDER_PATH)/test";
			};
			name = Release;
		};
		DBDE82632A3222A8007CC540 /* Debug */ = {
			isa = XCBuildConfiguration;
			buildSettings = {
				ALWAYS_EMBED_SWIFT_STANDARD_LIBRARIES = YES;
				CODE_SIGN_STYLE = Automatic;
				CURRENT_PROJECT_VERSION = 1;
				GENERATE_INFOPLIST_FILE = YES;
				MARKETING_VERSION = 1.0;
				PRODUCT_BUNDLE_IDENTIFIER = none.testUITests;
				PRODUCT_NAME = "$(TARGET_NAME)";
				SWIFT_EMIT_LOC_STRINGS = NO;
				SWIFT_VERSION = 5.0;
				TARGETED_DEVICE_FAMILY = "1,2";
				TEST_TARGET_NAME = test;
			};
			name = Debug;
		};
		DBDE82642A3222A8007CC540 /* Release */ = {
			isa = XCBuildConfiguration;
			buildSettings = {
				ALWAYS_EMBED_SWIFT_STANDARD_LIBRARIES = YES;
				CODE_SIGN_STYLE = Automatic;
				CURRENT_PROJECT_VERSION = 1;
				GENERATE_INFOPLIST_FILE = YES;
				MARKETING_VERSION = 1.0;
				PRODUCT_BUNDLE_IDENTIFIER = none.testUITests;
				PRODUCT_NAME = "$(TARGET_NAME)";
				SWIFT_EMIT_LOC_STRINGS = NO;
				SWIFT_VERSION = 5.0;
				TARGETED_DEVICE_FAMILY = "1,2";
				TEST_TARGET_NAME = test;
			};
			name = Release;
		};
/* End XCBuildConfiguration section */

/* Begin XCConfigurationList section */
		DBDE82332A3222A7007CC540 /* Build configuration list for PBXProject "test" */ = {
			isa = XCConfigurationList;
			buildConfigurations = (
				DBDE825A2A3222A8007CC540 /* Debug */,
				DBDE825B2A3222A8007CC540 /* Release */,
			);
			defaultConfigurationIsVisible = 0;
			defaultConfigurationName = Release;
		};
		DBDE825C2A3222A8007CC540 /* Build configuration list for PBXNativeTarget "test" */ = {
			isa = XCConfigurationList;
			buildConfigurations = (
				DBDE825D2A3222A8007CC540 /* Debug */,
				DBDE825E2A3222A8007CC540 /* Release */,
			);
			defaultConfigurationIsVisible = 0;
			defaultConfigurationName = Release;
		};
		DBDE825F2A3222A8007CC540 /* Build configuration list for PBXNativeTarget "testTests" */ = {
			isa = XCConfigurationList;
			buildConfigurations = (
				DBDE82602A3222A8007CC540 /* Debug */,
				DBDE82612A3222A8007CC540 /* Release */,
			);
			defaultConfigurationIsVisible = 0;
			defaultConfigurationName = Release;
		};
		DBDE82622A3222A8007CC540 /* Build configuration list for PBXNativeTarget "testUITests" */ = {
			isa = XCConfigurationList;
			buildConfigurations = (
				DBDE82632A3222A8007CC540 /* Debug */,
				DBDE82642A3222A8007CC540 /* Release */,
			);
			defaultConfigurationIsVisible = 0;
			defaultConfigurationName = Release;
		};
/* End XCConfigurationList section */
	};
	rootObject = DBDE82302A3222A7007CC540 /* Project object */;
}
